
Microsoft Visual Studio Solution File, Format Version 12.00
# Visual Studio Version 16
VisualStudioVersion = 16.0.31515.178
MinimumVisualStudioVersion = 10.0.40219.1
Project("{FAE04EC0-301F-11D3-BF4B-00C04F79EFBC}") = "Course", "Course\Course.csproj", "{A63EDA6F-145F-4337-9BC2-4F359E563C2C}"
EndProject
Global
	GlobalSection(SolutionConfigurationPlatforms) = preSolution
		Debug|Any CPU = Debug|Any CPU
		Release|Any CPU = Release|Any CPU
	EndGlobalSection
	GlobalSection(ProjectConfigurationPlatforms) = postSolution
		{A63EDA6F-145F-4337-9BC2-4F359E563C2C}.Debug|Any CPU.ActiveCfg = Debug|Any CPU
		{A63EDA6F-145F-4337-9BC2-4F359E563C2C}.Debug|Any CPU.Build.0 = Debug|Any CPU
		{A63EDA6F-145F-4337-9BC2-4F359E563C2C}.Release|Any CPU.ActiveCfg = Release|Any CPU
		{A63EDA6F-145F-4337-9BC2-4F359E563C2C}.Release|Any CPU.Build.0 = Release|Any CPU
	EndGlobalSection
	GlobalSection(SolutionProperties) = preSolution
		HideSolutionNode = FALSE
	EndGlobalSection
	GlobalSection(ExtensibilityGlobals) = postSolution
		SolutionGuid = {173599A0-8C2B-407F-928E-B35C8EF0E47A}
	EndGlobalSection
EndGlobal
