
Microsoft Visual Studio Solution File, Format Version 12.00
# Visual Studio Version 16
VisualStudioVersion = 16.0.31515.178
MinimumVisualStudioVersion = 10.0.40219.1
Project("{FAE04EC0-301F-11D3-BF4B-00C04F79EFBC}") = "TreinamentoOOP3", "TreinamentoOOP3\TreinamentoOOP3.csproj", "{7A7C501C-26FA-4FAC-B32A-1EB4B4345793}"
EndProject
Global
	GlobalSection(SolutionConfigurationPlatforms) = preSolution
		Debug|Any CPU = Debug|Any CPU
		Release|Any CPU = Release|Any CPU
	EndGlobalSection
	GlobalSection(ProjectConfigurationPlatforms) = postSolution
		{7A7C501C-26FA-4FAC-B32A-1EB4B4345793}.Debug|Any CPU.ActiveCfg = Debug|Any CPU
		{7A7C501C-26FA-4FAC-B32A-1EB4B4345793}.Debug|Any CPU.Build.0 = Debug|Any CPU
		{7A7C501C-26FA-4FAC-B32A-1EB4B4345793}.Release|Any CPU.ActiveCfg = Release|Any CPU
		{7A7C501C-26FA-4FAC-B32A-1EB4B4345793}.Release|Any CPU.Build.0 = Release|Any CPU
	EndGlobalSection
	GlobalSection(SolutionProperties) = preSolution
		HideSolutionNode = FALSE
	EndGlobalSection
	GlobalSection(ExtensibilityGlobals) = postSolution
		SolutionGuid = {DF933FB9-D8AD-4B67-AA62-06ED14343968}
	EndGlobalSection
EndGlobal
