
Microsoft Visual Studio Solution File, Format Version 12.00
# Visual Studio Version 16
VisualStudioVersion = 16.0.31515.178
MinimumVisualStudioVersion = 10.0.40219.1
Project("{FAE04EC0-301F-11D3-BF4B-00C04F79EFBC}") = "Course", "Course\Course.csproj", "{244ADFE7-9EFD-431F-B8A0-834EA1284766}"
EndProject
Global
	GlobalSection(SolutionConfigurationPlatforms) = preSolution
		Debug|Any CPU = Debug|Any CPU
		Release|Any CPU = Release|Any CPU
	EndGlobalSection
	GlobalSection(ProjectConfigurationPlatforms) = postSolution
		{244ADFE7-9EFD-431F-B8A0-834EA1284766}.Debug|Any CPU.ActiveCfg = Debug|Any CPU
		{244ADFE7-9EFD-431F-B8A0-834EA1284766}.Debug|Any CPU.Build.0 = Debug|Any CPU
		{244ADFE7-9EFD-431F-B8A0-834EA1284766}.Release|Any CPU.ActiveCfg = Release|Any CPU
		{244ADFE7-9EFD-431F-B8A0-834EA1284766}.Release|Any CPU.Build.0 = Release|Any CPU
	EndGlobalSection
	GlobalSection(SolutionProperties) = preSolution
		HideSolutionNode = FALSE
	EndGlobalSection
	GlobalSection(ExtensibilityGlobals) = postSolution
		SolutionGuid = {4A54C712-07ED-4C1B-B726-455A9726D9F3}
	EndGlobalSection
EndGlobal
