
Microsoft Visual Studio Solution File, Format Version 12.00
# Visual Studio Version 16
VisualStudioVersion = 16.0.31515.178
MinimumVisualStudioVersion = 10.0.40219.1
Project("{FAE04EC0-301F-11D3-BF4B-00C04F79EFBC}") = "Course", "Course\Course.csproj", "{7A611858-D08B-4F69-A58F-5DB506EFECF7}"
EndProject
Global
	GlobalSection(SolutionConfigurationPlatforms) = preSolution
		Debug|Any CPU = Debug|Any CPU
		Release|Any CPU = Release|Any CPU
	EndGlobalSection
	GlobalSection(ProjectConfigurationPlatforms) = postSolution
		{7A611858-D08B-4F69-A58F-5DB506EFECF7}.Debug|Any CPU.ActiveCfg = Debug|Any CPU
		{7A611858-D08B-4F69-A58F-5DB506EFECF7}.Debug|Any CPU.Build.0 = Debug|Any CPU
		{7A611858-D08B-4F69-A58F-5DB506EFECF7}.Release|Any CPU.ActiveCfg = Release|Any CPU
		{7A611858-D08B-4F69-A58F-5DB506EFECF7}.Release|Any CPU.Build.0 = Release|Any CPU
	EndGlobalSection
	GlobalSection(SolutionProperties) = preSolution
		HideSolutionNode = FALSE
	EndGlobalSection
	GlobalSection(ExtensibilityGlobals) = postSolution
		SolutionGuid = {B7C86D48-732B-47A0-B82A-063E96A190FC}
	EndGlobalSection
EndGlobal
