
Microsoft Visual Studio Solution File, Format Version 12.00
# Visual Studio Version 16
VisualStudioVersion = 16.0.31515.178
MinimumVisualStudioVersion = 10.0.40219.1
Project("{9A19103F-16F7-4668-BE54-9A1E7A4F7556}") = "TreinamentoOOP", "ProjetosOOP\TreinamentoOOP.csproj", "{72691427-8CB8-4CA0-80F3-79DCA45629FB}"
EndProject
Project("{2150E333-8FDC-42A3-9474-1A3956D46DE8}") = "PROJETO 1 LISTAS AULA 076", "PROJETO 1 LISTAS AULA 076", "{EE68899A-7865-4BC2-84A4-0D64FC5E7E40}"
EndProject
Project("{9A19103F-16F7-4668-BE54-9A1E7A4F7556}") = "TreinamentoOOP77", "TreinamentoOOP77\TreinamentoOOP77.csproj", "{BA8AC9F7-3324-4693-BA19-A3AE7A84DD89}"
EndProject
Project("{2150E333-8FDC-42A3-9474-1A3956D46DE8}") = "PROJETO 2 AULA 077 Lista parte 2", "PROJETO 2 AULA 077 Lista parte 2", "{34B0B49D-5C0B-436B-9737-6A7E3B4188EF}"
EndProject
Project("{2150E333-8FDC-42A3-9474-1A3956D46DE8}") = "PROJETO 3 AULA 056 PROPERTIES", "PROJETO 3 AULA 056 PROPERTIES", "{0D31280C-B412-4CEA-91A2-9ABE91115E5C}"
EndProject
Project("{9A19103F-16F7-4668-BE54-9A1E7A4F7556}") = "TreinamentoOOP56", "TreinamentoOOP56\TreinamentoOOP56.csproj", "{51BAD1A5-410E-438E-99C4-92DEC1DA87A3}"
EndProject
Project("{2150E333-8FDC-42A3-9474-1A3956D46DE8}") = "PROJETO 4 AULA 052 SOBRECARGA", "PROJETO 4 AULA 052 SOBRECARGA", "{7A601415-45B1-4B03-9DA9-2430AC56CE13}"
EndProject
Project("{9A19103F-16F7-4668-BE54-9A1E7A4F7556}") = "TreinamentoOOP52", "TreinamentoOOP52\TreinamentoOOP52.csproj", "{D14BE5E2-7F69-4BF8-9B55-FBA9BF6B02F9}"
EndProject
Project("{2150E333-8FDC-42A3-9474-1A3956D46DE8}") = "Exercicio de Lista", "Exercicio de Lista", "{86FB6F6F-35CE-42BA-BF03-99CBA272A7D2}"
EndProject
Project("{9A19103F-16F7-4668-BE54-9A1E7A4F7556}") = "TreinamentoOOP78", "TreinamentoOOP78\TreinamentoOOP78.csproj", "{CEDABEB0-60C6-4278-8A4E-B4C5FB92E21E}"
EndProject
Project("{9A19103F-16F7-4668-BE54-9A1E7A4F7556}") = "TreinamentoOOP79", "TreinamentoOOP79\TreinamentoOOP79.csproj", "{CDFC0483-1F68-489C-8CF1-1FC0E6122E84}"
EndProject
Project("{2150E333-8FDC-42A3-9474-1A3956D46DE8}") = "PROJETO 5 AULA 079 MATRIZES", "PROJETO 5 AULA 079 MATRIZES", "{86C5E09C-6D2E-48A1-9DC0-5B54ABED9976}"
EndProject
Project("{2150E333-8FDC-42A3-9474-1A3956D46DE8}") = "Exercicio de Matriz", "Exercicio de Matriz", "{E7C075DF-7E61-4C14-90E6-D4BB20D96678}"
EndProject
Project("{9A19103F-16F7-4668-BE54-9A1E7A4F7556}") = "ExercicioMatriz", "ExercicioMatriz\ExercicioMatriz.csproj", "{F89C2D45-089F-46ED-AA78-05FFAC256A27}"
EndProject
Project("{2150E333-8FDC-42A3-9474-1A3956D46DE8}") = "PROJETO 6 AULA 086 SWITCH CASE", "PROJETO 6 AULA 086 SWITCH CASE", "{372830E3-C248-4DBB-AE0F-632B9843F6C7}"
EndProject
Project("{2150E333-8FDC-42A3-9474-1A3956D46DE8}") = "PROJETO 7 AULA 087 CONDICIONAL TERNÁRIA", "PROJETO 7 AULA 087 CONDICIONAL TERNÁRIA", "{17F6BE0B-7FC9-47FA-9ADB-A010CE90349E}"
EndProject
Project("{9A19103F-16F7-4668-BE54-9A1E7A4F7556}") = "TreinamentoOOP86", "TreinamentoOOP85\TreinamentoOOP86.csproj", "{E51CEA37-85F8-4243-8C66-A3716812485B}"
EndProject
Project("{9A19103F-16F7-4668-BE54-9A1E7A4F7556}") = "TreinamentoOOP87", "TreinamentoOOP87\TreinamentoOOP87.csproj", "{D20F5111-9268-4985-ABE5-2FD7111E9A3E}"
EndProject
Project("{2150E333-8FDC-42A3-9474-1A3956D46DE8}") = "PROJETO 8 AULA  FUNÇÕES STRING", "PROJETO 8 AULA  FUNÇÕES STRING", "{A2FA569B-15D8-4B2E-B25A-AF447D62371D}"
EndProject
Project("{9A19103F-16F7-4668-BE54-9A1E7A4F7556}") = "TreinamentoOOP88", "TreinamentoOOP88\TreinamentoOOP88.csproj", "{379CF4A7-ED33-4BC2-86D5-3D69E011A452}"
EndProject
Project("{9A19103F-16F7-4668-BE54-9A1E7A4F7556}") = "TreinamentoOOP89", "TreinamentoOOP89\TreinamentoOOP89.csproj", "{F8599F6B-D1CA-4630-AD03-E349A74A2FE1}"
EndProject
Project("{2150E333-8FDC-42A3-9474-1A3956D46DE8}") = "PROJETO 9 AULA DATETIME E PROPRIEDADES", "PROJETO 9 AULA DATETIME E PROPRIEDADES", "{6B9D9372-F86F-4174-A3F1-74CA7FBBA83B}"
EndProject
Project("{2150E333-8FDC-42A3-9474-1A3956D46DE8}") = "TimeSpan", "TimeSpan", "{C345BC86-B917-4819-ACE9-B624449FAC10}"
EndProject
Project("{FAE04EC0-301F-11D3-BF4B-00C04F79EFBC}") = "TreinamentoOOP90", "TreinamentoOOP90\TreinamentoOOP90.csproj", "{D1BD31BF-C6A0-41A0-9241-1A88A0D65BDA}"
EndProject
Project("{2150E333-8FDC-42A3-9474-1A3956D46DE8}") = "Propriedades do DateTime", "Propriedades do DateTime", "{7DA9FAB9-266E-4C5C-B78C-6F320CA5AEA3}"
EndProject
Project("{FAE04EC0-301F-11D3-BF4B-00C04F79EFBC}") = "TreinamentoOOP91", "TreinamentoOOP91\TreinamentoOOP91.csproj", "{5E8F3E8D-32CC-4B6C-9863-2119F14CC87B}"
EndProject
Global
	GlobalSection(SolutionConfigurationPlatforms) = preSolution
		Debug|Any CPU = Debug|Any CPU
		Release|Any CPU = Release|Any CPU
	EndGlobalSection
	GlobalSection(ProjectConfigurationPlatforms) = postSolution
		{72691427-8CB8-4CA0-80F3-79DCA45629FB}.Debug|Any CPU.ActiveCfg = Debug|Any CPU
		{72691427-8CB8-4CA0-80F3-79DCA45629FB}.Debug|Any CPU.Build.0 = Debug|Any CPU
		{72691427-8CB8-4CA0-80F3-79DCA45629FB}.Release|Any CPU.ActiveCfg = Release|Any CPU
		{72691427-8CB8-4CA0-80F3-79DCA45629FB}.Release|Any CPU.Build.0 = Release|Any CPU
		{BA8AC9F7-3324-4693-BA19-A3AE7A84DD89}.Debug|Any CPU.ActiveCfg = Debug|Any CPU
		{BA8AC9F7-3324-4693-BA19-A3AE7A84DD89}.Debug|Any CPU.Build.0 = Debug|Any CPU
		{BA8AC9F7-3324-4693-BA19-A3AE7A84DD89}.Release|Any CPU.ActiveCfg = Release|Any CPU
		{BA8AC9F7-3324-4693-BA19-A3AE7A84DD89}.Release|Any CPU.Build.0 = Release|Any CPU
		{51BAD1A5-410E-438E-99C4-92DEC1DA87A3}.Debug|Any CPU.ActiveCfg = Debug|Any CPU
		{51BAD1A5-410E-438E-99C4-92DEC1DA87A3}.Debug|Any CPU.Build.0 = Debug|Any CPU
		{51BAD1A5-410E-438E-99C4-92DEC1DA87A3}.Release|Any CPU.ActiveCfg = Release|Any CPU
		{51BAD1A5-410E-438E-99C4-92DEC1DA87A3}.Release|Any CPU.Build.0 = Release|Any CPU
		{D14BE5E2-7F69-4BF8-9B55-FBA9BF6B02F9}.Debug|Any CPU.ActiveCfg = Debug|Any CPU
		{D14BE5E2-7F69-4BF8-9B55-FBA9BF6B02F9}.Debug|Any CPU.Build.0 = Debug|Any CPU
		{D14BE5E2-7F69-4BF8-9B55-FBA9BF6B02F9}.Release|Any CPU.ActiveCfg = Release|Any CPU
		{D14BE5E2-7F69-4BF8-9B55-FBA9BF6B02F9}.Release|Any CPU.Build.0 = Release|Any CPU
		{CEDABEB0-60C6-4278-8A4E-B4C5FB92E21E}.Debug|Any CPU.ActiveCfg = Debug|Any CPU
		{CEDABEB0-60C6-4278-8A4E-B4C5FB92E21E}.Debug|Any CPU.Build.0 = Debug|Any CPU
		{CEDABEB0-60C6-4278-8A4E-B4C5FB92E21E}.Release|Any CPU.ActiveCfg = Release|Any CPU
		{CEDABEB0-60C6-4278-8A4E-B4C5FB92E21E}.Release|Any CPU.Build.0 = Release|Any CPU
		{CDFC0483-1F68-489C-8CF1-1FC0E6122E84}.Debug|Any CPU.ActiveCfg = Debug|Any CPU
		{CDFC0483-1F68-489C-8CF1-1FC0E6122E84}.Debug|Any CPU.Build.0 = Debug|Any CPU
		{CDFC0483-1F68-489C-8CF1-1FC0E6122E84}.Release|Any CPU.ActiveCfg = Release|Any CPU
		{CDFC0483-1F68-489C-8CF1-1FC0E6122E84}.Release|Any CPU.Build.0 = Release|Any CPU
		{F89C2D45-089F-46ED-AA78-05FFAC256A27}.Debug|Any CPU.ActiveCfg = Debug|Any CPU
		{F89C2D45-089F-46ED-AA78-05FFAC256A27}.Debug|Any CPU.Build.0 = Debug|Any CPU
		{F89C2D45-089F-46ED-AA78-05FFAC256A27}.Release|Any CPU.ActiveCfg = Release|Any CPU
		{F89C2D45-089F-46ED-AA78-05FFAC256A27}.Release|Any CPU.Build.0 = Release|Any CPU
		{E51CEA37-85F8-4243-8C66-A3716812485B}.Debug|Any CPU.ActiveCfg = Debug|Any CPU
		{E51CEA37-85F8-4243-8C66-A3716812485B}.Debug|Any CPU.Build.0 = Debug|Any CPU
		{E51CEA37-85F8-4243-8C66-A3716812485B}.Release|Any CPU.ActiveCfg = Release|Any CPU
		{E51CEA37-85F8-4243-8C66-A3716812485B}.Release|Any CPU.Build.0 = Release|Any CPU
		{D20F5111-9268-4985-ABE5-2FD7111E9A3E}.Debug|Any CPU.ActiveCfg = Debug|Any CPU
		{D20F5111-9268-4985-ABE5-2FD7111E9A3E}.Debug|Any CPU.Build.0 = Debug|Any CPU
		{D20F5111-9268-4985-ABE5-2FD7111E9A3E}.Release|Any CPU.ActiveCfg = Release|Any CPU
		{D20F5111-9268-4985-ABE5-2FD7111E9A3E}.Release|Any CPU.Build.0 = Release|Any CPU
		{379CF4A7-ED33-4BC2-86D5-3D69E011A452}.Debug|Any CPU.ActiveCfg = Debug|Any CPU
		{379CF4A7-ED33-4BC2-86D5-3D69E011A452}.Debug|Any CPU.Build.0 = Debug|Any CPU
		{379CF4A7-ED33-4BC2-86D5-3D69E011A452}.Release|Any CPU.ActiveCfg = Release|Any CPU
		{379CF4A7-ED33-4BC2-86D5-3D69E011A452}.Release|Any CPU.Build.0 = Release|Any CPU
		{F8599F6B-D1CA-4630-AD03-E349A74A2FE1}.Debug|Any CPU.ActiveCfg = Debug|Any CPU
		{F8599F6B-D1CA-4630-AD03-E349A74A2FE1}.Debug|Any CPU.Build.0 = Debug|Any CPU
		{F8599F6B-D1CA-4630-AD03-E349A74A2FE1}.Release|Any CPU.ActiveCfg = Release|Any CPU
		{F8599F6B-D1CA-4630-AD03-E349A74A2FE1}.Release|Any CPU.Build.0 = Release|Any CPU
		{D1BD31BF-C6A0-41A0-9241-1A88A0D65BDA}.Debug|Any CPU.ActiveCfg = Debug|Any CPU
		{D1BD31BF-C6A0-41A0-9241-1A88A0D65BDA}.Debug|Any CPU.Build.0 = Debug|Any CPU
		{D1BD31BF-C6A0-41A0-9241-1A88A0D65BDA}.Release|Any CPU.ActiveCfg = Release|Any CPU
		{D1BD31BF-C6A0-41A0-9241-1A88A0D65BDA}.Release|Any CPU.Build.0 = Release|Any CPU
		{5E8F3E8D-32CC-4B6C-9863-2119F14CC87B}.Debug|Any CPU.ActiveCfg = Debug|Any CPU
		{5E8F3E8D-32CC-4B6C-9863-2119F14CC87B}.Debug|Any CPU.Build.0 = Debug|Any CPU
		{5E8F3E8D-32CC-4B6C-9863-2119F14CC87B}.Release|Any CPU.ActiveCfg = Release|Any CPU
		{5E8F3E8D-32CC-4B6C-9863-2119F14CC87B}.Release|Any CPU.Build.0 = Release|Any CPU
	EndGlobalSection
	GlobalSection(SolutionProperties) = preSolution
		HideSolutionNode = FALSE
	EndGlobalSection
	GlobalSection(NestedProjects) = preSolution
		{72691427-8CB8-4CA0-80F3-79DCA45629FB} = {EE68899A-7865-4BC2-84A4-0D64FC5E7E40}
		{BA8AC9F7-3324-4693-BA19-A3AE7A84DD89} = {34B0B49D-5C0B-436B-9737-6A7E3B4188EF}
		{51BAD1A5-410E-438E-99C4-92DEC1DA87A3} = {0D31280C-B412-4CEA-91A2-9ABE91115E5C}
		{D14BE5E2-7F69-4BF8-9B55-FBA9BF6B02F9} = {7A601415-45B1-4B03-9DA9-2430AC56CE13}
		{86FB6F6F-35CE-42BA-BF03-99CBA272A7D2} = {EE68899A-7865-4BC2-84A4-0D64FC5E7E40}
		{CEDABEB0-60C6-4278-8A4E-B4C5FB92E21E} = {86FB6F6F-35CE-42BA-BF03-99CBA272A7D2}
		{CDFC0483-1F68-489C-8CF1-1FC0E6122E84} = {86C5E09C-6D2E-48A1-9DC0-5B54ABED9976}
		{E7C075DF-7E61-4C14-90E6-D4BB20D96678} = {86C5E09C-6D2E-48A1-9DC0-5B54ABED9976}
		{F89C2D45-089F-46ED-AA78-05FFAC256A27} = {86C5E09C-6D2E-48A1-9DC0-5B54ABED9976}
		{E51CEA37-85F8-4243-8C66-A3716812485B} = {372830E3-C248-4DBB-AE0F-632B9843F6C7}
		{D20F5111-9268-4985-ABE5-2FD7111E9A3E} = {17F6BE0B-7FC9-47FA-9ADB-A010CE90349E}
		{379CF4A7-ED33-4BC2-86D5-3D69E011A452} = {A2FA569B-15D8-4B2E-B25A-AF447D62371D}
		{F8599F6B-D1CA-4630-AD03-E349A74A2FE1} = {6B9D9372-F86F-4174-A3F1-74CA7FBBA83B}
		{C345BC86-B917-4819-ACE9-B624449FAC10} = {6B9D9372-F86F-4174-A3F1-74CA7FBBA83B}
		{D1BD31BF-C6A0-41A0-9241-1A88A0D65BDA} = {C345BC86-B917-4819-ACE9-B624449FAC10}
		{7DA9FAB9-266E-4C5C-B78C-6F320CA5AEA3} = {6B9D9372-F86F-4174-A3F1-74CA7FBBA83B}
		{5E8F3E8D-32CC-4B6C-9863-2119F14CC87B} = {7DA9FAB9-266E-4C5C-B78C-6F320CA5AEA3}
	EndGlobalSection
	GlobalSection(ExtensibilityGlobals) = postSolution
		SolutionGuid = {BAB6E8B8-2274-4280-80FC-EA87A382E84D}
	EndGlobalSection
EndGlobal
