
Microsoft Visual Studio Solution File, Format Version 12.00
# Visual Studio Version 16
VisualStudioVersion = 16.0.31515.178
MinimumVisualStudioVersion = 10.0.40219.1
Project("{9A19103F-16F7-4668-BE54-9A1E7A4F7556}") = "Course", "Course\Course.csproj", "{51A465A1-E72E-4720-A741-DEADB3A3E774}"
EndProject
Project("{2150E333-8FDC-42A3-9474-1A3956D46DE8}") = "Bloco using Aula 188", "Bloco using Aula 188", "{586F5346-5632-475D-BA5B-CCC961A70854}"
EndProject
Project("{2150E333-8FDC-42A3-9474-1A3956D46DE8}") = "StreamReader Aula 189", "StreamReader Aula 189", "{E7909340-48AA-41F6-94E6-7B8B52DAB638}"
EndProject
Project("{9A19103F-16F7-4668-BE54-9A1E7A4F7556}") = "StreamReader", "StreamReader\StreamReader.csproj", "{E00CB9CD-E5FF-4407-920A-2B95061F5627}"
EndProject
Project("{2150E333-8FDC-42A3-9474-1A3956D46DE8}") = "Directory Aula 190", "Directory Aula 190", "{EE4E581D-E89B-4B37-AA4E-A60AD23AF0D7}"
EndProject
Project("{9A19103F-16F7-4668-BE54-9A1E7A4F7556}") = "Directory", "Directory\Directory.csproj", "{91465ED5-353F-44F2-B5CF-271D23E1426E}"
EndProject
Project("{2150E333-8FDC-42A3-9474-1A3956D46DE8}") = "Path Aula 191", "Path Aula 191", "{3B0D984A-2A0A-46B8-A54E-AAEB2B6D4411}"
EndProject
Project("{9A19103F-16F7-4668-BE54-9A1E7A4F7556}") = "Path", "Path\Path.csproj", "{444F5E1A-858E-4200-806E-BA548F5614A2}"
EndProject
Project("{2150E333-8FDC-42A3-9474-1A3956D46DE8}") = "Exercicios Aula 192", "Exercicios Aula 192", "{D2E55439-108A-4BFA-B4C2-07A6D9E8BF3F}"
EndProject
Project("{9A19103F-16F7-4668-BE54-9A1E7A4F7556}") = "Arquivos", "Arquivos\Arquivos.csproj", "{7D73A19F-8EE1-479E-8C57-E1FDE7399FA6}"
EndProject
Project("{2150E333-8FDC-42A3-9474-1A3956D46DE8}") = "Treinamento", "Treinamento", "{F0A9DACE-3714-40F9-87D4-37DAC27481FF}"
EndProject
Project("{9A19103F-16F7-4668-BE54-9A1E7A4F7556}") = "Treinamento", "Treinamento\Treinamento.csproj", "{4FB65EC4-52C4-42E3-AF0B-B1333FAF1D0E}"
EndProject
Project("{2150E333-8FDC-42A3-9474-1A3956D46DE8}") = "Exercicio Aula 195 sem interface", "Exercicio Aula 195 sem interface", "{36F64FA5-60BA-43AB-8111-EB0F5BF6EA40}"
EndProject
Project("{9A19103F-16F7-4668-BE54-9A1E7A4F7556}") = "Interface", "Interface\Interface.csproj", "{DB4C820E-1E6A-443B-9F8A-D1013547F4D9}"
EndProject
Project("{2150E333-8FDC-42A3-9474-1A3956D46DE8}") = "Exercicio Aula 199", "Exercicio Aula 199", "{97A75E96-C7D0-4F1B-8565-98C25C93C764}"
EndProject
Project("{9A19103F-16F7-4668-BE54-9A1E7A4F7556}") = "InterfaceOn", "InterfaceOn\InterfaceOn.csproj", "{E07F0C30-3B24-47C1-AE19-D645D6E009E9}"
EndProject
Project("{2150E333-8FDC-42A3-9474-1A3956D46DE8}") = "Restricoes de Generecis Aula 206", "Restricoes de Generecis Aula 206", "{6B07CC1B-22EF-4318-8722-C0F180B17E42}"
EndProject
Project("{9A19103F-16F7-4668-BE54-9A1E7A4F7556}") = "restricoesGenerics", "restricoesGenerics\restricoesGenerics.csproj", "{BA9EF969-6B7B-475F-BE87-52AAC69E70D6}"
EndProject
Project("{2150E333-8FDC-42A3-9474-1A3956D46DE8}") = "Generics Aula 204", "Generics Aula 204", "{43044524-2AD9-44F0-9EE8-403925E620B3}"
EndProject
Project("{9A19103F-16F7-4668-BE54-9A1E7A4F7556}") = "Generics", "Generics\Generics.csproj", "{57C0A5D7-00CF-4646-8B8C-5B1D4BD9A0E8}"
EndProject
Project("{2150E333-8FDC-42A3-9474-1A3956D46DE8}") = "TreinamentoWeb", "TreinamentoWeb", "{95AEF72E-2F85-470E-9368-FDC5DF9315AA}"
EndProject
Project("{9A19103F-16F7-4668-BE54-9A1E7A4F7556}") = "TreinamentoWeb", "TreinamentoWeb\TreinamentoWeb.csproj", "{DACEAC80-A6F1-475D-89C3-01C6FA8E1D20}"
EndProject
Global
	GlobalSection(SolutionConfigurationPlatforms) = preSolution
		Debug|Any CPU = Debug|Any CPU
		Release|Any CPU = Release|Any CPU
	EndGlobalSection
	GlobalSection(ProjectConfigurationPlatforms) = postSolution
		{51A465A1-E72E-4720-A741-DEADB3A3E774}.Debug|Any CPU.ActiveCfg = Debug|Any CPU
		{51A465A1-E72E-4720-A741-DEADB3A3E774}.Debug|Any CPU.Build.0 = Debug|Any CPU
		{51A465A1-E72E-4720-A741-DEADB3A3E774}.Release|Any CPU.ActiveCfg = Release|Any CPU
		{51A465A1-E72E-4720-A741-DEADB3A3E774}.Release|Any CPU.Build.0 = Release|Any CPU
		{E00CB9CD-E5FF-4407-920A-2B95061F5627}.Debug|Any CPU.ActiveCfg = Debug|Any CPU
		{E00CB9CD-E5FF-4407-920A-2B95061F5627}.Debug|Any CPU.Build.0 = Debug|Any CPU
		{E00CB9CD-E5FF-4407-920A-2B95061F5627}.Release|Any CPU.ActiveCfg = Release|Any CPU
		{E00CB9CD-E5FF-4407-920A-2B95061F5627}.Release|Any CPU.Build.0 = Release|Any CPU
		{91465ED5-353F-44F2-B5CF-271D23E1426E}.Debug|Any CPU.ActiveCfg = Debug|Any CPU
		{91465ED5-353F-44F2-B5CF-271D23E1426E}.Debug|Any CPU.Build.0 = Debug|Any CPU
		{91465ED5-353F-44F2-B5CF-271D23E1426E}.Release|Any CPU.ActiveCfg = Release|Any CPU
		{91465ED5-353F-44F2-B5CF-271D23E1426E}.Release|Any CPU.Build.0 = Release|Any CPU
		{444F5E1A-858E-4200-806E-BA548F5614A2}.Debug|Any CPU.ActiveCfg = Debug|Any CPU
		{444F5E1A-858E-4200-806E-BA548F5614A2}.Debug|Any CPU.Build.0 = Debug|Any CPU
		{444F5E1A-858E-4200-806E-BA548F5614A2}.Release|Any CPU.ActiveCfg = Release|Any CPU
		{444F5E1A-858E-4200-806E-BA548F5614A2}.Release|Any CPU.Build.0 = Release|Any CPU
		{7D73A19F-8EE1-479E-8C57-E1FDE7399FA6}.Debug|Any CPU.ActiveCfg = Debug|Any CPU
		{7D73A19F-8EE1-479E-8C57-E1FDE7399FA6}.Debug|Any CPU.Build.0 = Debug|Any CPU
		{7D73A19F-8EE1-479E-8C57-E1FDE7399FA6}.Release|Any CPU.ActiveCfg = Release|Any CPU
		{7D73A19F-8EE1-479E-8C57-E1FDE7399FA6}.Release|Any CPU.Build.0 = Release|Any CPU
		{4FB65EC4-52C4-42E3-AF0B-B1333FAF1D0E}.Debug|Any CPU.ActiveCfg = Debug|Any CPU
		{4FB65EC4-52C4-42E3-AF0B-B1333FAF1D0E}.Debug|Any CPU.Build.0 = Debug|Any CPU
		{4FB65EC4-52C4-42E3-AF0B-B1333FAF1D0E}.Release|Any CPU.ActiveCfg = Release|Any CPU
		{4FB65EC4-52C4-42E3-AF0B-B1333FAF1D0E}.Release|Any CPU.Build.0 = Release|Any CPU
		{DB4C820E-1E6A-443B-9F8A-D1013547F4D9}.Debug|Any CPU.ActiveCfg = Debug|Any CPU
		{DB4C820E-1E6A-443B-9F8A-D1013547F4D9}.Debug|Any CPU.Build.0 = Debug|Any CPU
		{DB4C820E-1E6A-443B-9F8A-D1013547F4D9}.Release|Any CPU.ActiveCfg = Release|Any CPU
		{DB4C820E-1E6A-443B-9F8A-D1013547F4D9}.Release|Any CPU.Build.0 = Release|Any CPU
		{E07F0C30-3B24-47C1-AE19-D645D6E009E9}.Debug|Any CPU.ActiveCfg = Debug|Any CPU
		{E07F0C30-3B24-47C1-AE19-D645D6E009E9}.Debug|Any CPU.Build.0 = Debug|Any CPU
		{E07F0C30-3B24-47C1-AE19-D645D6E009E9}.Release|Any CPU.ActiveCfg = Release|Any CPU
		{E07F0C30-3B24-47C1-AE19-D645D6E009E9}.Release|Any CPU.Build.0 = Release|Any CPU
		{BA9EF969-6B7B-475F-BE87-52AAC69E70D6}.Debug|Any CPU.ActiveCfg = Debug|Any CPU
		{BA9EF969-6B7B-475F-BE87-52AAC69E70D6}.Debug|Any CPU.Build.0 = Debug|Any CPU
		{BA9EF969-6B7B-475F-BE87-52AAC69E70D6}.Release|Any CPU.ActiveCfg = Release|Any CPU
		{BA9EF969-6B7B-475F-BE87-52AAC69E70D6}.Release|Any CPU.Build.0 = Release|Any CPU
		{57C0A5D7-00CF-4646-8B8C-5B1D4BD9A0E8}.Debug|Any CPU.ActiveCfg = Debug|Any CPU
		{57C0A5D7-00CF-4646-8B8C-5B1D4BD9A0E8}.Debug|Any CPU.Build.0 = Debug|Any CPU
		{57C0A5D7-00CF-4646-8B8C-5B1D4BD9A0E8}.Release|Any CPU.ActiveCfg = Release|Any CPU
		{57C0A5D7-00CF-4646-8B8C-5B1D4BD9A0E8}.Release|Any CPU.Build.0 = Release|Any CPU
		{DACEAC80-A6F1-475D-89C3-01C6FA8E1D20}.Debug|Any CPU.ActiveCfg = Debug|Any CPU
		{DACEAC80-A6F1-475D-89C3-01C6FA8E1D20}.Debug|Any CPU.Build.0 = Debug|Any CPU
		{DACEAC80-A6F1-475D-89C3-01C6FA8E1D20}.Release|Any CPU.ActiveCfg = Release|Any CPU
		{DACEAC80-A6F1-475D-89C3-01C6FA8E1D20}.Release|Any CPU.Build.0 = Release|Any CPU
	EndGlobalSection
	GlobalSection(SolutionProperties) = preSolution
		HideSolutionNode = FALSE
	EndGlobalSection
	GlobalSection(NestedProjects) = preSolution
		{51A465A1-E72E-4720-A741-DEADB3A3E774} = {586F5346-5632-475D-BA5B-CCC961A70854}
		{E00CB9CD-E5FF-4407-920A-2B95061F5627} = {E7909340-48AA-41F6-94E6-7B8B52DAB638}
		{91465ED5-353F-44F2-B5CF-271D23E1426E} = {EE4E581D-E89B-4B37-AA4E-A60AD23AF0D7}
		{444F5E1A-858E-4200-806E-BA548F5614A2} = {3B0D984A-2A0A-46B8-A54E-AAEB2B6D4411}
		{7D73A19F-8EE1-479E-8C57-E1FDE7399FA6} = {D2E55439-108A-4BFA-B4C2-07A6D9E8BF3F}
		{4FB65EC4-52C4-42E3-AF0B-B1333FAF1D0E} = {F0A9DACE-3714-40F9-87D4-37DAC27481FF}
		{DB4C820E-1E6A-443B-9F8A-D1013547F4D9} = {36F64FA5-60BA-43AB-8111-EB0F5BF6EA40}
		{E07F0C30-3B24-47C1-AE19-D645D6E009E9} = {97A75E96-C7D0-4F1B-8565-98C25C93C764}
		{BA9EF969-6B7B-475F-BE87-52AAC69E70D6} = {6B07CC1B-22EF-4318-8722-C0F180B17E42}
		{57C0A5D7-00CF-4646-8B8C-5B1D4BD9A0E8} = {43044524-2AD9-44F0-9EE8-403925E620B3}
		{DACEAC80-A6F1-475D-89C3-01C6FA8E1D20} = {95AEF72E-2F85-470E-9368-FDC5DF9315AA}
	EndGlobalSection
	GlobalSection(ExtensibilityGlobals) = postSolution
		SolutionGuid = {B2FB3117-99C6-4FFD-8557-D380C93E6E44}
	EndGlobalSection
EndGlobal
