
Microsoft Visual Studio Solution File, Format Version 12.00
# Visual Studio Version 16
VisualStudioVersion = 16.0.31515.178
MinimumVisualStudioVersion = 10.0.40219.1
Project("{FAE04EC0-301F-11D3-BF4B-00C04F79EFBC}") = "TreinamentoOOP5", "TreinamentoOOP5\TreinamentoOOP5.csproj", "{42404D65-F20C-4306-859F-51D3D5DB0F58}"
EndProject
Global
	GlobalSection(SolutionConfigurationPlatforms) = preSolution
		Debug|Any CPU = Debug|Any CPU
		Release|Any CPU = Release|Any CPU
	EndGlobalSection
	GlobalSection(ProjectConfigurationPlatforms) = postSolution
		{42404D65-F20C-4306-859F-51D3D5DB0F58}.Debug|Any CPU.ActiveCfg = Debug|Any CPU
		{42404D65-F20C-4306-859F-51D3D5DB0F58}.Debug|Any CPU.Build.0 = Debug|Any CPU
		{42404D65-F20C-4306-859F-51D3D5DB0F58}.Release|Any CPU.ActiveCfg = Release|Any CPU
		{42404D65-F20C-4306-859F-51D3D5DB0F58}.Release|Any CPU.Build.0 = Release|Any CPU
	EndGlobalSection
	GlobalSection(SolutionProperties) = preSolution
		HideSolutionNode = FALSE
	EndGlobalSection
	GlobalSection(ExtensibilityGlobals) = postSolution
		SolutionGuid = {27547C40-8895-4ACC-8081-9D09931E6C46}
	EndGlobalSection
EndGlobal
